<Solution>
  <Folder Name="/src/">
    <Project Path="ParquetSQLLoader.Con/ParquetSQLLoader.Con.csproj" />
    <Project Path="ParquetSQLLoader.Core/ParquetSQLLoader.Core.csproj" />
    <Project Path="ParquetSQLLoader.Infrastructure/ParquetSQLLoader.Infrastructure.csproj" />
  </Folder>
  <Folder Name="/tests/" />
</Solution>
